
Microsoft Visual Studio Solution File, Format Version 12.00
# Visual Studio Version 17
VisualStudioVersion = 17.14.36221.1 d17.14
MinimumVisualStudioVersion = 10.0.40219.1
Project("{FAE04EC0-301F-11D3-BF4B-00C04F79EFBC}") = "GestorTorneosFutbolSala", "GestorTorneosFutbolSala\GestorTorneosFutbolSala.csproj", "{1E51B080-3D29-4C4B-B470-ADF249950C07}"
EndProject
Project("{FAE04EC0-301F-11D3-BF4B-00C04F79EFBC}") = "VeterinariaFrm", "..\VeterinariaFrm\VeterinariaFrm\VeterinariaFrm.csproj", "{DE1C1ACA-1E85-4B2A-9CF3-E5D13944F9BF}"
EndProject
Global
	GlobalSection(SolutionConfigurationPlatforms) = preSolution
		Debug|Any CPU = Debug|Any CPU
		Release|Any CPU = Release|Any CPU
	EndGlobalSection
	GlobalSection(ProjectConfigurationPlatforms) = postSolution
		{1E51B080-3D29-4C4B-B470-ADF249950C07}.Debug|Any CPU.ActiveCfg = Debug|Any CPU
		{1E51B080-3D29-4C4B-B470-ADF249950C07}.Debug|Any CPU.Build.0 = Debug|Any CPU
		{1E51B080-3D29-4C4B-B470-ADF249950C07}.Release|Any CPU.ActiveCfg = Release|Any CPU
		{1E51B080-3D29-4C4B-B470-ADF249950C07}.Release|Any CPU.Build.0 = Release|Any CPU
		{DE1C1ACA-1E85-4B2A-9CF3-E5D13944F9BF}.Debug|Any CPU.ActiveCfg = Debug|Any CPU
		{DE1C1ACA-1E85-4B2A-9CF3-E5D13944F9BF}.Debug|Any CPU.Build.0 = Debug|Any CPU
		{DE1C1ACA-1E85-4B2A-9CF3-E5D13944F9BF}.Release|Any CPU.ActiveCfg = Release|Any CPU
		{DE1C1ACA-1E85-4B2A-9CF3-E5D13944F9BF}.Release|Any CPU.Build.0 = Release|Any CPU
	EndGlobalSection
	GlobalSection(SolutionProperties) = preSolution
		HideSolutionNode = FALSE
	EndGlobalSection
	GlobalSection(ExtensibilityGlobals) = postSolution
		SolutionGuid = {1CDA4105-BA54-41BC-A9F1-D2BA7B8C73E8}
	EndGlobalSection
EndGlobal
